
Microsoft Visual Studio Solution File, Format Version 12.00
# Visual Studio 15
VisualStudioVersion = 15.0.27130.2036
MinimumVisualStudioVersion = 10.0.40219.1
Project("{FAE04EC0-301F-11D3-BF4B-00C04F79EFBC}") = "Opg1Variabler", "Opg1Variabler\Opg1Variabler.csproj", "{FADF1584-5D9D-47E3-9A08-9D62999A3AE0}"
EndProject
Project("{FAE04EC0-301F-11D3-BF4B-00C04F79EFBC}") = "Module4Arrays", "Module4Arrays\Module4Arrays.csproj", "{53823EDF-166B-4609-A64E-3347923DEB69}"
EndProject
Project("{FAE04EC0-301F-11D3-BF4B-00C04F79EFBC}") = "StringsNavne", "StringsNavne\StringsNavne.csproj", "{912EF1B1-4B64-4BB8-8BFA-11527E30ECE2}"
EndProject
Project("{FAE04EC0-301F-11D3-BF4B-00C04F79EFBC}") = "10-tabel", "LoopTabel\10-tabel.csproj", "{A86A6155-98AB-428D-AA89-1BC554B2E7B9}"
EndProject
Project("{FAE04EC0-301F-11D3-BF4B-00C04F79EFBC}") = "Module05SmåMetoder", "Module05SmåMetoder\Module05SmåMetoder.csproj", "{5D4558DF-DBDA-46A3-A81A-D21F2E25F04E}"
EndProject
Project("{FAE04EC0-301F-11D3-BF4B-00C04F79EFBC}") = "Module05Overload", "Module05Overload\Module05Overload.csproj", "{47E6DE67-681B-4591-A832-7C8EBE4C6B4E}"
EndProject
Project("{FAE04EC0-301F-11D3-BF4B-00C04F79EFBC}") = "Module05Rekursion", "Module05Rekursion\Module05Rekursion.csproj", "{16EF7FAF-0A4C-412E-80C3-6D46EEE7AE2B}"
EndProject
Project("{FAE04EC0-301F-11D3-BF4B-00C04F79EFBC}") = "Module05BeregnArray", "Module05BeregnArray\Module05BeregnArray.csproj", "{B1B64C50-211B-4C42-A4F4-47CC6C74045A}"
EndProject
Project("{FAE04EC0-301F-11D3-BF4B-00C04F79EFBC}") = "Module06SimpelKlasse", "Module06SimpelKlasse\Module06SimpelKlasse.csproj", "{D1526379-2430-40A7-868A-3ACF010F2902}"
EndProject
Project("{FAE04EC0-301F-11D3-BF4B-00C04F79EFBC}") = "Terning(1)-OffentligeOgPrivateMedlemmer", "Terning(1)-OffentligeOgPrivateMedlemmer\Terning(1)-OffentligeOgPrivateMedlemmer.csproj", "{6612A97B-57F7-44A9-BF6E-9FB1625242E2}"
EndProject
Project("{FAE04EC0-301F-11D3-BF4B-00C04F79EFBC}") = "Module07 _EgenskaberPerson", "Module07 _EgenskaberPerson\Module07 _EgenskaberPerson.csproj", "{2785F63C-F2B7-4932-82DC-C4D06E4AE6BE}"
EndProject
Project("{FAE04EC0-301F-11D3-BF4B-00C04F79EFBC}") = "Module07_EgenskaberVare", "Module07_EgenskaberVare\Module07_EgenskaberVare.csproj", "{FF326E24-BB1C-4530-A37D-CE301648D279}"
EndProject
Project("{FAE04EC0-301F-11D3-BF4B-00C04F79EFBC}") = "Module07_EgenskaberTrekant", "Module07_EgenskaberTrekant\Module07_EgenskaberTrekant.csproj", "{8EA46956-F220-4365-947E-4EA83FE8B8E6}"
EndProject
Project("{FAE04EC0-301F-11D3-BF4B-00C04F79EFBC}") = "Module07_KlasserOgArrays", "Module07_KlasserOgArrays\Module07_KlasserOgArrays.csproj", "{495482F1-21EF-49BD-993E-D54CBAEAF0EF}"
EndProject
Project("{FAE04EC0-301F-11D3-BF4B-00C04F79EFBC}") = "Module07_StatiskeMetoder", "Module07_StatiskeMetoder\Module07_StatiskeMetoder.csproj", "{33526B3C-A8E1-4A24-987A-CACAD20B9C39}"
EndProject
Project("{FAE04EC0-301F-11D3-BF4B-00C04F79EFBC}") = "Module08Arv", "Module08Arv\Module08Arv.csproj", "{9B17167D-0F23-443F-AF46-5CDE46D1FFD5}"
EndProject
Project("{FAE04EC0-301F-11D3-BF4B-00C04F79EFBC}") = "Module08_Arv(Random)", "Module08_Arv(Random)\Module08_Arv(Random).csproj", "{FC2EA818-A89B-4682-A157-A26B052BE647}"
EndProject
Project("{FAE04EC0-301F-11D3-BF4B-00C04F79EFBC}") = "Module08_Nedarvning", "Module08_Nedarvning\Module08_Nedarvning.csproj", "{0C6C1590-2CDC-43F2-9FFE-57F387F37360}"
EndProject
Project("{FAE04EC0-301F-11D3-BF4B-00C04F79EFBC}") = "Module08_Polymorfi", "Module08_Polymorfi\Module08_Polymorfi.csproj", "{2224D936-62AB-4DF6-92F6-971F77EFBC2F}"
EndProject
Project("{FAE04EC0-301F-11D3-BF4B-00C04F79EFBC}") = "Module08_Polymorfi_Dyr", "Module08_Polymorfi_Dyr\Module08_Polymorfi_Dyr.csproj", "{D7CDEC08-BBC5-49D3-9648-16F60D3EFC71}"
EndProject
Project("{FAE04EC0-301F-11D3-BF4B-00C04F79EFBC}") = "Module09_SimpelFejlhåndtering", "Module09_SimpelFejlhåndtering\Module09_SimpelFejlhåndtering.csproj", "{EEB1FECA-CB52-489E-8725-D9A87BF770DB}"
EndProject
Project("{FAE04EC0-301F-11D3-BF4B-00C04F79EFBC}") = "Module09_EgenException", "Module09_EgenException\Module09_EgenException.csproj", "{2E1F951A-C173-4F4E-BAAC-4ED5A461007D}"
EndProject
Project("{FAE04EC0-301F-11D3-BF4B-00C04F79EFBC}") = "Module09_BrugAfNLog", "Module09_BrugAfNLog\Module09_BrugAfNLog.csproj", "{9F3AD210-9440-4EF2-8770-BC3BC04503A7}"
EndProject
Project("{FAE04EC0-301F-11D3-BF4B-00C04F79EFBC}") = "Module10_BrugAfEgetInterface", "Module10_BrugAfEgetInterface\Module10_BrugAfEgetInterface.csproj", "{ADF2BCC0-2231-4558-9921-25088D2865F0}"
EndProject
Project("{FAE04EC0-301F-11D3-BF4B-00C04F79EFBC}") = "Module10_DependencyInjection", "Module10_DependencyInjection\Module10_DependencyInjection.csproj", "{029FD8F4-FFC8-4976-9EC3-9C9C8D098616}"
EndProject
Project("{FAE04EC0-301F-11D3-BF4B-00C04F79EFBC}") = "Module10_Compare", "Module10_Compare\Module10_Compare.csproj", "{787CAB5E-886D-4D58-8113-82DCB567F9EC}"
EndProject
Project("{FAE04EC0-301F-11D3-BF4B-00C04F79EFBC}") = "Module10_BrugAfUsing", "Module10_BrugAfUsing\Module10_BrugAfUsing.csproj", "{CE3BFEDE-1D71-4538-AF68-3E65A14C2E94}"
EndProject
Project("{FAE04EC0-301F-11D3-BF4B-00C04F79EFBC}") = "Module11_Collection", "Module11_Collection\Module11_Collection.csproj", "{5769DF42-8ACD-4818-B015-DD92CF0A4B5A}"
EndProject
Project("{FAE04EC0-301F-11D3-BF4B-00C04F79EFBC}") = "Module11_GeneriskKlasse", "Module11_GeneriskKlasse\Module11_GeneriskKlasse.csproj", "{9D277C2F-0BB6-4E0B-BC28-A640A61BD3FF}"
EndProject
Project("{FAE04EC0-301F-11D3-BF4B-00C04F79EFBC}") = "Module11_GeneriskKlasse2", "Module11_GeneriskKlasse2\Module11_GeneriskKlasse2.csproj", "{CDEC01E1-736E-4A71-8CB8-F65EBE759EA6}"
EndProject
Project("{FAE04EC0-301F-11D3-BF4B-00C04F79EFBC}") = "Module12_Delegate(Funktionspointer)(1)", "Module12_Delegate(Funktionspointer)(1)\Module12_Delegate(Funktionspointer)(1).csproj", "{5EE1B989-7DBF-4895-AF0E-520E3FD8EF2C}"
EndProject
Project("{FAE04EC0-301F-11D3-BF4B-00C04F79EFBC}") = "Module12_Delegate(funktionspointer)(2)", "Module12_Delegate(funktionspointer)(2)\Module12_Delegate(funktionspointer)(2).csproj", "{1A78775B-9E00-44ED-AEF0-68AF8C14C3F0}"
EndProject
Project("{FAE04EC0-301F-11D3-BF4B-00C04F79EFBC}") = "Module12_Delegates", "Module12_Delegates\Module12_Delegates.csproj", "{0F0AC762-1251-4221-9740-4ABF90A31C7F}"
EndProject
Project("{FAE04EC0-301F-11D3-BF4B-00C04F79EFBC}") = "Module12_FileWatch", "Module12_FileWatch\Module12_FileWatch.csproj", "{D88E923F-FDC2-47B2-AEEC-6E77BCA8A7D9}"
EndProject
Global
	GlobalSection(SolutionConfigurationPlatforms) = preSolution
		Debug|Any CPU = Debug|Any CPU
		Release|Any CPU = Release|Any CPU
	EndGlobalSection
	GlobalSection(ProjectConfigurationPlatforms) = postSolution
		{FADF1584-5D9D-47E3-9A08-9D62999A3AE0}.Debug|Any CPU.ActiveCfg = Debug|Any CPU
		{FADF1584-5D9D-47E3-9A08-9D62999A3AE0}.Debug|Any CPU.Build.0 = Debug|Any CPU
		{FADF1584-5D9D-47E3-9A08-9D62999A3AE0}.Release|Any CPU.ActiveCfg = Release|Any CPU
		{FADF1584-5D9D-47E3-9A08-9D62999A3AE0}.Release|Any CPU.Build.0 = Release|Any CPU
		{53823EDF-166B-4609-A64E-3347923DEB69}.Debug|Any CPU.ActiveCfg = Debug|Any CPU
		{53823EDF-166B-4609-A64E-3347923DEB69}.Debug|Any CPU.Build.0 = Debug|Any CPU
		{53823EDF-166B-4609-A64E-3347923DEB69}.Release|Any CPU.ActiveCfg = Release|Any CPU
		{53823EDF-166B-4609-A64E-3347923DEB69}.Release|Any CPU.Build.0 = Release|Any CPU
		{912EF1B1-4B64-4BB8-8BFA-11527E30ECE2}.Debug|Any CPU.ActiveCfg = Debug|Any CPU
		{912EF1B1-4B64-4BB8-8BFA-11527E30ECE2}.Debug|Any CPU.Build.0 = Debug|Any CPU
		{912EF1B1-4B64-4BB8-8BFA-11527E30ECE2}.Release|Any CPU.ActiveCfg = Release|Any CPU
		{912EF1B1-4B64-4BB8-8BFA-11527E30ECE2}.Release|Any CPU.Build.0 = Release|Any CPU
		{A86A6155-98AB-428D-AA89-1BC554B2E7B9}.Debug|Any CPU.ActiveCfg = Debug|Any CPU
		{A86A6155-98AB-428D-AA89-1BC554B2E7B9}.Debug|Any CPU.Build.0 = Debug|Any CPU
		{A86A6155-98AB-428D-AA89-1BC554B2E7B9}.Release|Any CPU.ActiveCfg = Release|Any CPU
		{A86A6155-98AB-428D-AA89-1BC554B2E7B9}.Release|Any CPU.Build.0 = Release|Any CPU
		{5D4558DF-DBDA-46A3-A81A-D21F2E25F04E}.Debug|Any CPU.ActiveCfg = Debug|Any CPU
		{5D4558DF-DBDA-46A3-A81A-D21F2E25F04E}.Debug|Any CPU.Build.0 = Debug|Any CPU
		{5D4558DF-DBDA-46A3-A81A-D21F2E25F04E}.Release|Any CPU.ActiveCfg = Release|Any CPU
		{5D4558DF-DBDA-46A3-A81A-D21F2E25F04E}.Release|Any CPU.Build.0 = Release|Any CPU
		{47E6DE67-681B-4591-A832-7C8EBE4C6B4E}.Debug|Any CPU.ActiveCfg = Debug|Any CPU
		{47E6DE67-681B-4591-A832-7C8EBE4C6B4E}.Debug|Any CPU.Build.0 = Debug|Any CPU
		{47E6DE67-681B-4591-A832-7C8EBE4C6B4E}.Release|Any CPU.ActiveCfg = Release|Any CPU
		{47E6DE67-681B-4591-A832-7C8EBE4C6B4E}.Release|Any CPU.Build.0 = Release|Any CPU
		{16EF7FAF-0A4C-412E-80C3-6D46EEE7AE2B}.Debug|Any CPU.ActiveCfg = Debug|Any CPU
		{16EF7FAF-0A4C-412E-80C3-6D46EEE7AE2B}.Debug|Any CPU.Build.0 = Debug|Any CPU
		{16EF7FAF-0A4C-412E-80C3-6D46EEE7AE2B}.Release|Any CPU.ActiveCfg = Release|Any CPU
		{16EF7FAF-0A4C-412E-80C3-6D46EEE7AE2B}.Release|Any CPU.Build.0 = Release|Any CPU
		{B1B64C50-211B-4C42-A4F4-47CC6C74045A}.Debug|Any CPU.ActiveCfg = Debug|Any CPU
		{B1B64C50-211B-4C42-A4F4-47CC6C74045A}.Debug|Any CPU.Build.0 = Debug|Any CPU
		{B1B64C50-211B-4C42-A4F4-47CC6C74045A}.Release|Any CPU.ActiveCfg = Release|Any CPU
		{B1B64C50-211B-4C42-A4F4-47CC6C74045A}.Release|Any CPU.Build.0 = Release|Any CPU
		{D1526379-2430-40A7-868A-3ACF010F2902}.Debug|Any CPU.ActiveCfg = Debug|Any CPU
		{D1526379-2430-40A7-868A-3ACF010F2902}.Debug|Any CPU.Build.0 = Debug|Any CPU
		{D1526379-2430-40A7-868A-3ACF010F2902}.Release|Any CPU.ActiveCfg = Release|Any CPU
		{D1526379-2430-40A7-868A-3ACF010F2902}.Release|Any CPU.Build.0 = Release|Any CPU
		{6612A97B-57F7-44A9-BF6E-9FB1625242E2}.Debug|Any CPU.ActiveCfg = Debug|Any CPU
		{6612A97B-57F7-44A9-BF6E-9FB1625242E2}.Debug|Any CPU.Build.0 = Debug|Any CPU
		{6612A97B-57F7-44A9-BF6E-9FB1625242E2}.Release|Any CPU.ActiveCfg = Release|Any CPU
		{6612A97B-57F7-44A9-BF6E-9FB1625242E2}.Release|Any CPU.Build.0 = Release|Any CPU
		{2785F63C-F2B7-4932-82DC-C4D06E4AE6BE}.Debug|Any CPU.ActiveCfg = Debug|Any CPU
		{2785F63C-F2B7-4932-82DC-C4D06E4AE6BE}.Debug|Any CPU.Build.0 = Debug|Any CPU
		{2785F63C-F2B7-4932-82DC-C4D06E4AE6BE}.Release|Any CPU.ActiveCfg = Release|Any CPU
		{2785F63C-F2B7-4932-82DC-C4D06E4AE6BE}.Release|Any CPU.Build.0 = Release|Any CPU
		{FF326E24-BB1C-4530-A37D-CE301648D279}.Debug|Any CPU.ActiveCfg = Debug|Any CPU
		{FF326E24-BB1C-4530-A37D-CE301648D279}.Debug|Any CPU.Build.0 = Debug|Any CPU
		{FF326E24-BB1C-4530-A37D-CE301648D279}.Release|Any CPU.ActiveCfg = Release|Any CPU
		{FF326E24-BB1C-4530-A37D-CE301648D279}.Release|Any CPU.Build.0 = Release|Any CPU
		{8EA46956-F220-4365-947E-4EA83FE8B8E6}.Debug|Any CPU.ActiveCfg = Debug|Any CPU
		{8EA46956-F220-4365-947E-4EA83FE8B8E6}.Debug|Any CPU.Build.0 = Debug|Any CPU
		{8EA46956-F220-4365-947E-4EA83FE8B8E6}.Release|Any CPU.ActiveCfg = Release|Any CPU
		{8EA46956-F220-4365-947E-4EA83FE8B8E6}.Release|Any CPU.Build.0 = Release|Any CPU
		{495482F1-21EF-49BD-993E-D54CBAEAF0EF}.Debug|Any CPU.ActiveCfg = Debug|Any CPU
		{495482F1-21EF-49BD-993E-D54CBAEAF0EF}.Debug|Any CPU.Build.0 = Debug|Any CPU
		{495482F1-21EF-49BD-993E-D54CBAEAF0EF}.Release|Any CPU.ActiveCfg = Release|Any CPU
		{495482F1-21EF-49BD-993E-D54CBAEAF0EF}.Release|Any CPU.Build.0 = Release|Any CPU
		{33526B3C-A8E1-4A24-987A-CACAD20B9C39}.Debug|Any CPU.ActiveCfg = Debug|Any CPU
		{33526B3C-A8E1-4A24-987A-CACAD20B9C39}.Debug|Any CPU.Build.0 = Debug|Any CPU
		{33526B3C-A8E1-4A24-987A-CACAD20B9C39}.Release|Any CPU.ActiveCfg = Release|Any CPU
		{33526B3C-A8E1-4A24-987A-CACAD20B9C39}.Release|Any CPU.Build.0 = Release|Any CPU
		{9B17167D-0F23-443F-AF46-5CDE46D1FFD5}.Debug|Any CPU.ActiveCfg = Debug|Any CPU
		{9B17167D-0F23-443F-AF46-5CDE46D1FFD5}.Debug|Any CPU.Build.0 = Debug|Any CPU
		{9B17167D-0F23-443F-AF46-5CDE46D1FFD5}.Release|Any CPU.ActiveCfg = Release|Any CPU
		{9B17167D-0F23-443F-AF46-5CDE46D1FFD5}.Release|Any CPU.Build.0 = Release|Any CPU
		{FC2EA818-A89B-4682-A157-A26B052BE647}.Debug|Any CPU.ActiveCfg = Debug|Any CPU
		{FC2EA818-A89B-4682-A157-A26B052BE647}.Debug|Any CPU.Build.0 = Debug|Any CPU
		{FC2EA818-A89B-4682-A157-A26B052BE647}.Release|Any CPU.ActiveCfg = Release|Any CPU
		{FC2EA818-A89B-4682-A157-A26B052BE647}.Release|Any CPU.Build.0 = Release|Any CPU
		{0C6C1590-2CDC-43F2-9FFE-57F387F37360}.Debug|Any CPU.ActiveCfg = Debug|Any CPU
		{0C6C1590-2CDC-43F2-9FFE-57F387F37360}.Debug|Any CPU.Build.0 = Debug|Any CPU
		{0C6C1590-2CDC-43F2-9FFE-57F387F37360}.Release|Any CPU.ActiveCfg = Release|Any CPU
		{0C6C1590-2CDC-43F2-9FFE-57F387F37360}.Release|Any CPU.Build.0 = Release|Any CPU
		{2224D936-62AB-4DF6-92F6-971F77EFBC2F}.Debug|Any CPU.ActiveCfg = Debug|Any CPU
		{2224D936-62AB-4DF6-92F6-971F77EFBC2F}.Debug|Any CPU.Build.0 = Debug|Any CPU
		{2224D936-62AB-4DF6-92F6-971F77EFBC2F}.Release|Any CPU.ActiveCfg = Release|Any CPU
		{2224D936-62AB-4DF6-92F6-971F77EFBC2F}.Release|Any CPU.Build.0 = Release|Any CPU
		{D7CDEC08-BBC5-49D3-9648-16F60D3EFC71}.Debug|Any CPU.ActiveCfg = Debug|Any CPU
		{D7CDEC08-BBC5-49D3-9648-16F60D3EFC71}.Debug|Any CPU.Build.0 = Debug|Any CPU
		{D7CDEC08-BBC5-49D3-9648-16F60D3EFC71}.Release|Any CPU.ActiveCfg = Release|Any CPU
		{D7CDEC08-BBC5-49D3-9648-16F60D3EFC71}.Release|Any CPU.Build.0 = Release|Any CPU
		{EEB1FECA-CB52-489E-8725-D9A87BF770DB}.Debug|Any CPU.ActiveCfg = Debug|Any CPU
		{EEB1FECA-CB52-489E-8725-D9A87BF770DB}.Debug|Any CPU.Build.0 = Debug|Any CPU
		{EEB1FECA-CB52-489E-8725-D9A87BF770DB}.Release|Any CPU.ActiveCfg = Release|Any CPU
		{EEB1FECA-CB52-489E-8725-D9A87BF770DB}.Release|Any CPU.Build.0 = Release|Any CPU
		{2E1F951A-C173-4F4E-BAAC-4ED5A461007D}.Debug|Any CPU.ActiveCfg = Debug|Any CPU
		{2E1F951A-C173-4F4E-BAAC-4ED5A461007D}.Debug|Any CPU.Build.0 = Debug|Any CPU
		{2E1F951A-C173-4F4E-BAAC-4ED5A461007D}.Release|Any CPU.ActiveCfg = Release|Any CPU
		{2E1F951A-C173-4F4E-BAAC-4ED5A461007D}.Release|Any CPU.Build.0 = Release|Any CPU
		{9F3AD210-9440-4EF2-8770-BC3BC04503A7}.Debug|Any CPU.ActiveCfg = Debug|Any CPU
		{9F3AD210-9440-4EF2-8770-BC3BC04503A7}.Debug|Any CPU.Build.0 = Debug|Any CPU
		{9F3AD210-9440-4EF2-8770-BC3BC04503A7}.Release|Any CPU.ActiveCfg = Release|Any CPU
		{9F3AD210-9440-4EF2-8770-BC3BC04503A7}.Release|Any CPU.Build.0 = Release|Any CPU
		{ADF2BCC0-2231-4558-9921-25088D2865F0}.Debug|Any CPU.ActiveCfg = Debug|Any CPU
		{ADF2BCC0-2231-4558-9921-25088D2865F0}.Debug|Any CPU.Build.0 = Debug|Any CPU
		{ADF2BCC0-2231-4558-9921-25088D2865F0}.Release|Any CPU.ActiveCfg = Release|Any CPU
		{ADF2BCC0-2231-4558-9921-25088D2865F0}.Release|Any CPU.Build.0 = Release|Any CPU
		{029FD8F4-FFC8-4976-9EC3-9C9C8D098616}.Debug|Any CPU.ActiveCfg = Debug|Any CPU
		{029FD8F4-FFC8-4976-9EC3-9C9C8D098616}.Debug|Any CPU.Build.0 = Debug|Any CPU
		{029FD8F4-FFC8-4976-9EC3-9C9C8D098616}.Release|Any CPU.ActiveCfg = Release|Any CPU
		{029FD8F4-FFC8-4976-9EC3-9C9C8D098616}.Release|Any CPU.Build.0 = Release|Any CPU
		{787CAB5E-886D-4D58-8113-82DCB567F9EC}.Debug|Any CPU.ActiveCfg = Debug|Any CPU
		{787CAB5E-886D-4D58-8113-82DCB567F9EC}.Debug|Any CPU.Build.0 = Debug|Any CPU
		{787CAB5E-886D-4D58-8113-82DCB567F9EC}.Release|Any CPU.ActiveCfg = Release|Any CPU
		{787CAB5E-886D-4D58-8113-82DCB567F9EC}.Release|Any CPU.Build.0 = Release|Any CPU
		{CE3BFEDE-1D71-4538-AF68-3E65A14C2E94}.Debug|Any CPU.ActiveCfg = Debug|Any CPU
		{CE3BFEDE-1D71-4538-AF68-3E65A14C2E94}.Debug|Any CPU.Build.0 = Debug|Any CPU
		{CE3BFEDE-1D71-4538-AF68-3E65A14C2E94}.Release|Any CPU.ActiveCfg = Release|Any CPU
		{CE3BFEDE-1D71-4538-AF68-3E65A14C2E94}.Release|Any CPU.Build.0 = Release|Any CPU
		{5769DF42-8ACD-4818-B015-DD92CF0A4B5A}.Debug|Any CPU.ActiveCfg = Debug|Any CPU
		{5769DF42-8ACD-4818-B015-DD92CF0A4B5A}.Debug|Any CPU.Build.0 = Debug|Any CPU
		{5769DF42-8ACD-4818-B015-DD92CF0A4B5A}.Release|Any CPU.ActiveCfg = Release|Any CPU
		{5769DF42-8ACD-4818-B015-DD92CF0A4B5A}.Release|Any CPU.Build.0 = Release|Any CPU
		{9D277C2F-0BB6-4E0B-BC28-A640A61BD3FF}.Debug|Any CPU.ActiveCfg = Debug|Any CPU
		{9D277C2F-0BB6-4E0B-BC28-A640A61BD3FF}.Debug|Any CPU.Build.0 = Debug|Any CPU
		{9D277C2F-0BB6-4E0B-BC28-A640A61BD3FF}.Release|Any CPU.ActiveCfg = Release|Any CPU
		{9D277C2F-0BB6-4E0B-BC28-A640A61BD3FF}.Release|Any CPU.Build.0 = Release|Any CPU
		{CDEC01E1-736E-4A71-8CB8-F65EBE759EA6}.Debug|Any CPU.ActiveCfg = Debug|Any CPU
		{CDEC01E1-736E-4A71-8CB8-F65EBE759EA6}.Debug|Any CPU.Build.0 = Debug|Any CPU
		{CDEC01E1-736E-4A71-8CB8-F65EBE759EA6}.Release|Any CPU.ActiveCfg = Release|Any CPU
		{CDEC01E1-736E-4A71-8CB8-F65EBE759EA6}.Release|Any CPU.Build.0 = Release|Any CPU
		{5EE1B989-7DBF-4895-AF0E-520E3FD8EF2C}.Debug|Any CPU.ActiveCfg = Debug|Any CPU
		{5EE1B989-7DBF-4895-AF0E-520E3FD8EF2C}.Debug|Any CPU.Build.0 = Debug|Any CPU
		{5EE1B989-7DBF-4895-AF0E-520E3FD8EF2C}.Release|Any CPU.ActiveCfg = Release|Any CPU
		{5EE1B989-7DBF-4895-AF0E-520E3FD8EF2C}.Release|Any CPU.Build.0 = Release|Any CPU
		{1A78775B-9E00-44ED-AEF0-68AF8C14C3F0}.Debug|Any CPU.ActiveCfg = Debug|Any CPU
		{1A78775B-9E00-44ED-AEF0-68AF8C14C3F0}.Debug|Any CPU.Build.0 = Debug|Any CPU
		{1A78775B-9E00-44ED-AEF0-68AF8C14C3F0}.Release|Any CPU.ActiveCfg = Release|Any CPU
		{1A78775B-9E00-44ED-AEF0-68AF8C14C3F0}.Release|Any CPU.Build.0 = Release|Any CPU
		{0F0AC762-1251-4221-9740-4ABF90A31C7F}.Debug|Any CPU.ActiveCfg = Debug|Any CPU
		{0F0AC762-1251-4221-9740-4ABF90A31C7F}.Debug|Any CPU.Build.0 = Debug|Any CPU
		{0F0AC762-1251-4221-9740-4ABF90A31C7F}.Release|Any CPU.ActiveCfg = Release|Any CPU
		{0F0AC762-1251-4221-9740-4ABF90A31C7F}.Release|Any CPU.Build.0 = Release|Any CPU
		{D88E923F-FDC2-47B2-AEEC-6E77BCA8A7D9}.Debug|Any CPU.ActiveCfg = Debug|Any CPU
		{D88E923F-FDC2-47B2-AEEC-6E77BCA8A7D9}.Debug|Any CPU.Build.0 = Debug|Any CPU
		{D88E923F-FDC2-47B2-AEEC-6E77BCA8A7D9}.Release|Any CPU.ActiveCfg = Release|Any CPU
		{D88E923F-FDC2-47B2-AEEC-6E77BCA8A7D9}.Release|Any CPU.Build.0 = Release|Any CPU
	EndGlobalSection
	GlobalSection(SolutionProperties) = preSolution
		HideSolutionNode = FALSE
	EndGlobalSection
	GlobalSection(ExtensibilityGlobals) = postSolution
		SolutionGuid = {2406451E-D53C-4EBB-B6DB-DD0DB51E075F}
	EndGlobalSection
EndGlobal
